
Microsoft Visual Studio Solution File, Format Version 12.00
# Visual Studio Version 16
VisualStudioVersion = 16.0.30711.63
MinimumVisualStudioVersion = 10.0.40219.1
Project("{9A19103F-16F7-4668-BE54-9A1E7A4F7556}") = "Jashan_ImageRec_Lambda", "Jashan_ImageRec_Lambda\Jashan_ImageRec_Lambda.csproj", "{8424EBF6-77C4-491F-80B6-C7E1AD535B6C}"
EndProject
Global
	GlobalSection(SolutionConfigurationPlatforms) = preSolution
		Debug|Any CPU = Debug|Any CPU
		Release|Any CPU = Release|Any CPU
	EndGlobalSection
	GlobalSection(ProjectConfigurationPlatforms) = postSolution
		{8424EBF6-77C4-491F-80B6-C7E1AD535B6C}.Debug|Any CPU.ActiveCfg = Debug|Any CPU
		{8424EBF6-77C4-491F-80B6-C7E1AD535B6C}.Debug|Any CPU.Build.0 = Debug|Any CPU
		{8424EBF6-77C4-491F-80B6-C7E1AD535B6C}.Release|Any CPU.ActiveCfg = Release|Any CPU
		{8424EBF6-77C4-491F-80B6-C7E1AD535B6C}.Release|Any CPU.Build.0 = Release|Any CPU
	EndGlobalSection
	GlobalSection(SolutionProperties) = preSolution
		HideSolutionNode = FALSE
	EndGlobalSection
	GlobalSection(ExtensibilityGlobals) = postSolution
		SolutionGuid = {883A3070-A6D8-43D4-A7AA-C74E6327AEA5}
	EndGlobalSection
EndGlobal
